<?xml version="1.0" encoding="utf-8"?>
<Project ToolsVersion="4.0" xmlns="http://schemas.microsoft.com/developer/msbuild/2003">
  <ItemGroup>
    <Text Include="CMakeLists.txt" />
  </ItemGroup>
  <ItemGroup>
    <ClCompile Include="main.cpp" />
    <ClCompile Include="VertexManager.cpp" />
    <ClCompile Include="Renderer.cpp" />
    <ClCompile Include="MemoryAllocator.cpp" />
    <ClCompile Include="PipelineCache.cpp" />
    <ClCompile Include="CompileGlsl.cpp" />
  </ItemGroup>
  <ItemGroup>
    <ClInclude Include="VideoBackend.h" />
    <ClInclude Include="TextureCache.h" />
    <ClInclude Include="VertexManager.h" />
    <ClInclude Include="Renderer.h" />
    <ClInclude Include="MemoryAllocator.h" />
    <ClInclude Include="PipelineCache.h" />
    <ClInclude Include="CompileGlsl.h" />
  </ItemGroup>
</Project>